
Microsoft Visual Studio Solution File, Format Version 12.00
# Visual Studio 15
Project("{FAE04EC0-301F-11D3-BF4B-00C04F79EFBC}") = "Unity.Services.Core.Telemetry", "Unity.Services.Core.Telemetry.csproj", "{83763003-6B5F-E93F-11F6-CA3531D541F1}"
EndProject
Project("{FAE04EC0-301F-11D3-BF4B-00C04F79EFBC}") = "UnityEngine.TestRunner", "UnityEngine.TestRunner.csproj", "{05BF009A-660C-7B36-79C7-041DCD7504BD}"
EndProject
Project("{FAE04EC0-301F-11D3-BF4B-00C04F79EFBC}") = "UnityEngine.UI", "UnityEngine.UI.csproj", "{16F7AD3E-A449-A089-1D1E-044571254921}"
EndProject
Project("{FAE04EC0-301F-11D3-BF4B-00C04F79EFBC}") = "Unity.Mathematics", "Unity.Mathematics.csproj", "{1CB00B06-0B1B-05AF-4593-6C2E285DAE64}"
EndProject
Project("{FAE04EC0-301F-11D3-BF4B-00C04F79EFBC}") = "Unity.Services.Core.Internal", "Unity.Services.Core.Internal.csproj", "{D4257299-BC78-FC1E-8011-B78C39501CE6}"
EndProject
Project("{FAE04EC0-301F-11D3-BF4B-00C04F79EFBC}") = "Unity.Timeline", "Unity.Timeline.csproj", "{DF7409E8-CE13-3A12-FFF8-3294BB513908}"
EndProject
Project("{FAE04EC0-301F-11D3-BF4B-00C04F79EFBC}") = "Unity.TextMeshPro", "Unity.TextMeshPro.csproj", "{6EAF680A-E9B9-8C4B-9BFA-68627FC3051E}"
EndProject
Project("{FAE04EC0-301F-11D3-BF4B-00C04F79EFBC}") = "Unity.Services.Core.Environments.Internal", "Unity.Services.Core.Environments.Internal.csproj", "{B7061ED6-6D6F-DE09-4AC8-F64D13584BC8}"
EndProject
Project("{FAE04EC0-301F-11D3-BF4B-00C04F79EFBC}") = "Assembly-CSharp", "Assembly-CSharp.csproj", "{92770DA8-AC74-F3AB-FC5A-8ED64D0E0707}"
EndProject
Project("{FAE04EC0-301F-11D3-BF4B-00C04F79EFBC}") = "Unity.Burst", "Unity.Burst.csproj", "{4DFF8D48-EC1F-9845-B14C-EF9ABD601A0F}"
EndProject
Project("{FAE04EC0-301F-11D3-BF4B-00C04F79EFBC}") = "Unity.2D.Animation.Runtime", "Unity.2D.Animation.Runtime.csproj", "{19EA6E8D-2DC5-A234-A51F-F93E609CC502}"
EndProject
Project("{FAE04EC0-301F-11D3-BF4B-00C04F79EFBC}") = "Unity.2D.IK.Runtime", "Unity.2D.IK.Runtime.csproj", "{99D492BD-9070-D161-7AB7-00B5CCBA2E16}"
EndProject
Project("{FAE04EC0-301F-11D3-BF4B-00C04F79EFBC}") = "Unity.Services.Core.Configuration", "Unity.Services.Core.Configuration.csproj", "{11AC6FCF-5CD8-4A81-F699-07ABDED6665D}"
EndProject
Project("{FAE04EC0-301F-11D3-BF4B-00C04F79EFBC}") = "Unity.Services.Core", "Unity.Services.Core.csproj", "{28EFF92B-EB8D-413B-B396-618418525AA3}"
EndProject
Project("{FAE04EC0-301F-11D3-BF4B-00C04F79EFBC}") = "Unity.Services.Core.Environments", "Unity.Services.Core.Environments.csproj", "{FFB3C7D2-5631-165E-D14B-17E6B971046A}"
EndProject
Project("{FAE04EC0-301F-11D3-BF4B-00C04F79EFBC}") = "Unity.2D.SpriteShape.Runtime", "Unity.2D.SpriteShape.Runtime.csproj", "{F9B799A6-D013-D0A2-BC75-B4093DFA8116}"
EndProject
Project("{FAE04EC0-301F-11D3-BF4B-00C04F79EFBC}") = "Unity.Services.Core.Networking", "Unity.Services.Core.Networking.csproj", "{621EC937-959D-9BC3-5BBA-792210A5D189}"
EndProject
Project("{FAE04EC0-301F-11D3-BF4B-00C04F79EFBC}") = "Unity.Services.Core.Analytics", "Unity.Services.Core.Analytics.csproj", "{2CDD4456-AADD-6F8C-4CD5-AB13B02316B4}"
EndProject
Project("{FAE04EC0-301F-11D3-BF4B-00C04F79EFBC}") = "Unity.2D.Common.Runtime", "Unity.2D.Common.Runtime.csproj", "{20FEACAE-334B-85A0-6791-758CDC7A0B66}"
EndProject
Project("{FAE04EC0-301F-11D3-BF4B-00C04F79EFBC}") = "Unity.Services.Core.Scheduler", "Unity.Services.Core.Scheduler.csproj", "{CC093B2D-3BD0-AD37-646C-7F783D075C39}"
EndProject
Project("{FAE04EC0-301F-11D3-BF4B-00C04F79EFBC}") = "Unity.Services.Core.Registration", "Unity.Services.Core.Registration.csproj", "{E84702DE-70F3-56B1-5109-309A6EDB583E}"
EndProject
Project("{FAE04EC0-301F-11D3-BF4B-00C04F79EFBC}") = "Unity.2D.PixelPerfect", "Unity.2D.PixelPerfect.csproj", "{E056BD17-1107-F625-1A6A-8C123C91691C}"
EndProject
Project("{FAE04EC0-301F-11D3-BF4B-00C04F79EFBC}") = "Unity.Services.Core.Device", "Unity.Services.Core.Device.csproj", "{E9AD2699-71ED-D9D6-C5E1-112339E9D1A7}"
EndProject
Project("{FAE04EC0-301F-11D3-BF4B-00C04F79EFBC}") = "Unity.Services.Core.Threading", "Unity.Services.Core.Threading.csproj", "{8FAF0800-F97A-80F9-E920-AB89C70AA959}"
EndProject
Project("{FAE04EC0-301F-11D3-BF4B-00C04F79EFBC}") = "Unity.InternalAPIEngineBridge.001", "Unity.InternalAPIEngineBridge.001.csproj", "{ACF70C98-BA2E-969C-7542-B0892F39A32C}"
EndProject
Project("{FAE04EC0-301F-11D3-BF4B-00C04F79EFBC}") = "UnityEditor.TestRunner", "UnityEditor.TestRunner.csproj", "{D5B7E32D-17BA-462E-8840-6E7CFAA0A195}"
EndProject
Project("{FAE04EC0-301F-11D3-BF4B-00C04F79EFBC}") = "Unity.2D.Psdimporter.Editor", "Unity.2D.Psdimporter.Editor.csproj", "{7FC7B477-C572-F16A-F431-95A1B860F362}"
EndProject
Project("{FAE04EC0-301F-11D3-BF4B-00C04F79EFBC}") = "Unity.PlasticSCM.Editor", "Unity.PlasticSCM.Editor.csproj", "{AA5E8C05-1D20-A855-65D2-6DFA7B7FF64D}"
EndProject
Project("{FAE04EC0-301F-11D3-BF4B-00C04F79EFBC}") = "UnityEditor.UI", "UnityEditor.UI.csproj", "{E86B3DD4-5130-8EE7-8859-52FECFB06A10}"
EndProject
Project("{FAE04EC0-301F-11D3-BF4B-00C04F79EFBC}") = "Unity.Timeline.Editor", "Unity.Timeline.Editor.csproj", "{BEB3C8C1-8C3A-24CA-EA72-1D437B66C5D0}"
EndProject
Project("{FAE04EC0-301F-11D3-BF4B-00C04F79EFBC}") = "Unity.VisualStudio.Editor", "Unity.VisualStudio.Editor.csproj", "{39DB3C55-8608-DE89-E6FE-727BFF912776}"
EndProject
Project("{FAE04EC0-301F-11D3-BF4B-00C04F79EFBC}") = "Unity.2D.Animation.Editor", "Unity.2D.Animation.Editor.csproj", "{E5C661A9-F1F6-3020-1BC1-301357FEEB04}"
EndProject
Project("{FAE04EC0-301F-11D3-BF4B-00C04F79EFBC}") = "Unity.TextMeshPro.Editor", "Unity.TextMeshPro.Editor.csproj", "{458A1D5D-0E5B-8FF6-11EB-C5199BF50BDE}"
EndProject
Project("{FAE04EC0-301F-11D3-BF4B-00C04F79EFBC}") = "Unity.2D.SpriteShape.Editor", "Unity.2D.SpriteShape.Editor.csproj", "{E7174125-9265-9A81-ACD5-07C89E0FD919}"
EndProject
Project("{FAE04EC0-301F-11D3-BF4B-00C04F79EFBC}") = "Unity.CollabProxy.Editor", "Unity.CollabProxy.Editor.csproj", "{912CDD25-5C7A-A23F-0C6C-B80A008440BC}"
EndProject
Project("{FAE04EC0-301F-11D3-BF4B-00C04F79EFBC}") = "PsdPlugin", "PsdPlugin.csproj", "{73CDEFD6-A92C-52FF-0CC2-02C5BC640310}"
EndProject
Project("{FAE04EC0-301F-11D3-BF4B-00C04F79EFBC}") = "Unity.2D.Tilemap.Editor", "Unity.2D.Tilemap.Editor.csproj", "{D373A888-22B9-3D67-5027-B5CDABF3903A}"
EndProject
Project("{FAE04EC0-301F-11D3-BF4B-00C04F79EFBC}") = "Unity.Services.Core.Editor", "Unity.Services.Core.Editor.csproj", "{77449D45-3E44-5760-B186-68FF5C9B92C6}"
EndProject
Project("{FAE04EC0-301F-11D3-BF4B-00C04F79EFBC}") = "Unity.2D.Path.Editor", "Unity.2D.Path.Editor.csproj", "{F77C6A73-155C-C58E-70E0-FFA0B8675CCB}"
EndProject
Project("{FAE04EC0-301F-11D3-BF4B-00C04F79EFBC}") = "Unity.Rider.Editor", "Unity.Rider.Editor.csproj", "{10034CC0-DF61-96BF-4AA3-6FC4EE3E750F}"
EndProject
Project("{FAE04EC0-301F-11D3-BF4B-00C04F79EFBC}") = "Unity.2D.Sprite.Editor", "Unity.2D.Sprite.Editor.csproj", "{7D83362F-B045-E99D-E6AB-E1A4DBEE247E}"
EndProject
Project("{FAE04EC0-301F-11D3-BF4B-00C04F79EFBC}") = "Unity.2D.IK.Editor", "Unity.2D.IK.Editor.csproj", "{BF203E2E-6EFB-BC8C-1986-04E3E5F8E978}"
EndProject
Project("{FAE04EC0-301F-11D3-BF4B-00C04F79EFBC}") = "Unity.Burst.Editor", "Unity.Burst.Editor.csproj", "{4EA9D1FF-1F77-8D66-8909-88C5EF3DB90B}"
EndProject
Project("{FAE04EC0-301F-11D3-BF4B-00C04F79EFBC}") = "Unity.Burst.CodeGen", "Unity.Burst.CodeGen.csproj", "{758263FC-236B-38A4-3708-F91AFF1F2966}"
EndProject
Project("{FAE04EC0-301F-11D3-BF4B-00C04F79EFBC}") = "Unity.2D.PixelPerfect.Editor", "Unity.2D.PixelPerfect.Editor.csproj", "{6E1902AC-6A0B-7228-E588-F35A1FC419B1}"
EndProject
Project("{FAE04EC0-301F-11D3-BF4B-00C04F79EFBC}") = "Unity.VSCode.Editor", "Unity.VSCode.Editor.csproj", "{8C74C045-8252-6F20-BAA7-70A7F10D5A01}"
EndProject
Project("{FAE04EC0-301F-11D3-BF4B-00C04F79EFBC}") = "Unity.Services.Core.Configuration.Editor", "Unity.Services.Core.Configuration.Editor.csproj", "{DCE92581-90D5-474F-E916-2A1DC7078FC8}"
EndProject
Project("{FAE04EC0-301F-11D3-BF4B-00C04F79EFBC}") = "Unity.2D.Common.Editor", "Unity.2D.Common.Editor.csproj", "{A69A5553-30F0-745C-4519-2F944202739F}"
EndProject
Project("{FAE04EC0-301F-11D3-BF4B-00C04F79EFBC}") = "Unity.Mathematics.Editor", "Unity.Mathematics.Editor.csproj", "{98D32DEF-D07A-784F-6863-B339E2FA9E29}"
EndProject
Project("{FAE04EC0-301F-11D3-BF4B-00C04F79EFBC}") = "Unity.InternalAPIEditorBridge.001", "Unity.InternalAPIEditorBridge.001.csproj", "{1A78EFF5-2E22-5D48-6053-4811465ADFF7}"
EndProject
Project("{FAE04EC0-301F-11D3-BF4B-00C04F79EFBC}") = "Unity.Services.Core.Telemetry", "Unity.Services.Core.Telemetry.Player.csproj", "{3C7B2897-2076-B8C1-2E3D-A10D710EA496}"
EndProject
Project("{FAE04EC0-301F-11D3-BF4B-00C04F79EFBC}") = "UnityEngine.TestRunner", "UnityEngine.TestRunner.Player.csproj", "{CB9808BA-B3BF-D525-30BB-1789CCAC85F4}"
EndProject
Project("{FAE04EC0-301F-11D3-BF4B-00C04F79EFBC}") = "UnityEngine.UI", "UnityEngine.UI.Player.csproj", "{E4CBD5CC-55A7-BA13-E10B-9B3164B5486D}"
EndProject
Project("{FAE04EC0-301F-11D3-BF4B-00C04F79EFBC}") = "Unity.Mathematics", "Unity.Mathematics.Player.csproj", "{C4B77B17-45D0-7CED-FBFE-17F068BF93D1}"
EndProject
Project("{FAE04EC0-301F-11D3-BF4B-00C04F79EFBC}") = "Unity.Services.Core.Internal", "Unity.Services.Core.Internal.Player.csproj", "{2FABE8AC-CE79-330C-76D3-7648933860E2}"
EndProject
Project("{FAE04EC0-301F-11D3-BF4B-00C04F79EFBC}") = "Unity.Timeline", "Unity.Timeline.Player.csproj", "{3FEAA436-BADD-A316-28DA-C6E0B6C332F6}"
EndProject
Project("{FAE04EC0-301F-11D3-BF4B-00C04F79EFBC}") = "Unity.TextMeshPro", "Unity.TextMeshPro.Player.csproj", "{EC49AF7A-AC2B-C95D-CCCC-73D10CE67E8C}"
EndProject
Project("{FAE04EC0-301F-11D3-BF4B-00C04F79EFBC}") = "Unity.Services.Core.Environments.Internal", "Unity.Services.Core.Environments.Internal.Player.csproj", "{972D285D-D15B-3EBB-4056-7CC3814B41DB}"
EndProject
Project("{FAE04EC0-301F-11D3-BF4B-00C04F79EFBC}") = "Assembly-CSharp", "Assembly-CSharp.Player.csproj", "{75ADE7DF-1896-D593-2791-B622546B6B2D}"
EndProject
Project("{FAE04EC0-301F-11D3-BF4B-00C04F79EFBC}") = "Unity.Burst", "Unity.Burst.Player.csproj", "{93590051-07CD-75D3-899E-F31656FBA0D2}"
EndProject
Project("{FAE04EC0-301F-11D3-BF4B-00C04F79EFBC}") = "Unity.2D.Animation.Runtime", "Unity.2D.Animation.Runtime.Player.csproj", "{B73EF304-2673-CC23-6FE7-4BD1AFAEFB9A}"
EndProject
Project("{FAE04EC0-301F-11D3-BF4B-00C04F79EFBC}") = "Unity.2D.IK.Runtime", "Unity.2D.IK.Runtime.Player.csproj", "{6936FD6D-D63C-0064-78FD-295B4098BD06}"
EndProject
Project("{FAE04EC0-301F-11D3-BF4B-00C04F79EFBC}") = "Unity.Services.Core.Configuration", "Unity.Services.Core.Configuration.Player.csproj", "{F2898297-A56C-DCDA-CE7E-044A69D6A4D9}"
EndProject
Project("{FAE04EC0-301F-11D3-BF4B-00C04F79EFBC}") = "Unity.Services.Core", "Unity.Services.Core.Player.csproj", "{8DA23B9D-087F-5E15-A952-2C26F40ABA55}"
EndProject
Project("{FAE04EC0-301F-11D3-BF4B-00C04F79EFBC}") = "Unity.Services.Core.Environments", "Unity.Services.Core.Environments.Player.csproj", "{3F4EBCFD-1FC1-A337-A820-A8A03A17A68E}"
EndProject
Project("{FAE04EC0-301F-11D3-BF4B-00C04F79EFBC}") = "Unity.2D.SpriteShape.Runtime", "Unity.2D.SpriteShape.Runtime.Player.csproj", "{D2E1F490-3186-4D72-F0AF-DE019BC8C3C5}"
EndProject
Project("{FAE04EC0-301F-11D3-BF4B-00C04F79EFBC}") = "Unity.Services.Core.Networking", "Unity.Services.Core.Networking.Player.csproj", "{49F096A0-7C48-9C96-4F92-3F4470C77C0B}"
EndProject
Project("{FAE04EC0-301F-11D3-BF4B-00C04F79EFBC}") = "Unity.Services.Core.Analytics", "Unity.Services.Core.Analytics.Player.csproj", "{EE3F8453-454F-8B73-541F-E185B2B0E43A}"
EndProject
Project("{FAE04EC0-301F-11D3-BF4B-00C04F79EFBC}") = "Unity.2D.Common.Runtime", "Unity.2D.Common.Runtime.Player.csproj", "{7D1A26AF-3715-10E5-C879-02190E0DD40D}"
EndProject
Project("{FAE04EC0-301F-11D3-BF4B-00C04F79EFBC}") = "Unity.Services.Core.Scheduler", "Unity.Services.Core.Scheduler.Player.csproj", "{8D91525A-0660-702E-C6EA-64186B178CB5}"
EndProject
Project("{FAE04EC0-301F-11D3-BF4B-00C04F79EFBC}") = "Unity.Services.Core.Registration", "Unity.Services.Core.Registration.Player.csproj", "{23B0DED1-27F6-0D32-DB0F-C52C600A96E1}"
EndProject
Project("{FAE04EC0-301F-11D3-BF4B-00C04F79EFBC}") = "Unity.2D.PixelPerfect", "Unity.2D.PixelPerfect.Player.csproj", "{4BA393C2-8A6C-9A7B-4385-506C0994D592}"
EndProject
Project("{FAE04EC0-301F-11D3-BF4B-00C04F79EFBC}") = "Unity.Services.Core.Device", "Unity.Services.Core.Device.Player.csproj", "{EB1EF187-9F49-5079-3A5B-DD9EF872AF71}"
EndProject
Project("{FAE04EC0-301F-11D3-BF4B-00C04F79EFBC}") = "Unity.Services.Core.Threading", "Unity.Services.Core.Threading.Player.csproj", "{840FB4CE-743F-B81A-29D6-D8775CF5C2B3}"
EndProject
Project("{FAE04EC0-301F-11D3-BF4B-00C04F79EFBC}") = "Unity.InternalAPIEngineBridge.001", "Unity.InternalAPIEngineBridge.001.Player.csproj", "{B66CBC7D-59B1-74E1-C70A-E702D084D5B0}"
EndProject
Global
	GlobalSection(SolutionConfigurationPlatforms) = preSolution
		Debug|Any CPU = Debug|Any CPU
		Release|Any CPU = Release|Any CPU
	EndGlobalSection
	GlobalSection(ProjectConfigurationPlatforms) = postSolution
		{83763003-6B5F-E93F-11F6-CA3531D541F1}.Debug|Any CPU.ActiveCfg = Debug|Any CPU
		{83763003-6B5F-E93F-11F6-CA3531D541F1}.Debug|Any CPU.Build.0 = Debug|Any CPU
		{83763003-6B5F-E93F-11F6-CA3531D541F1}.Release|Any CPU.ActiveCfg = Release|Any CPU
		{83763003-6B5F-E93F-11F6-CA3531D541F1}.Release|Any CPU.Build.0 = Release|Any CPU
		{05BF009A-660C-7B36-79C7-041DCD7504BD}.Debug|Any CPU.ActiveCfg = Debug|Any CPU
		{05BF009A-660C-7B36-79C7-041DCD7504BD}.Debug|Any CPU.Build.0 = Debug|Any CPU
		{05BF009A-660C-7B36-79C7-041DCD7504BD}.Release|Any CPU.ActiveCfg = Release|Any CPU
		{05BF009A-660C-7B36-79C7-041DCD7504BD}.Release|Any CPU.Build.0 = Release|Any CPU
		{16F7AD3E-A449-A089-1D1E-044571254921}.Debug|Any CPU.ActiveCfg = Debug|Any CPU
		{16F7AD3E-A449-A089-1D1E-044571254921}.Debug|Any CPU.Build.0 = Debug|Any CPU
		{16F7AD3E-A449-A089-1D1E-044571254921}.Release|Any CPU.ActiveCfg = Release|Any CPU
		{16F7AD3E-A449-A089-1D1E-044571254921}.Release|Any CPU.Build.0 = Release|Any CPU
		{1CB00B06-0B1B-05AF-4593-6C2E285DAE64}.Debug|Any CPU.ActiveCfg = Debug|Any CPU
		{1CB00B06-0B1B-05AF-4593-6C2E285DAE64}.Debug|Any CPU.Build.0 = Debug|Any CPU
		{1CB00B06-0B1B-05AF-4593-6C2E285DAE64}.Release|Any CPU.ActiveCfg = Release|Any CPU
		{1CB00B06-0B1B-05AF-4593-6C2E285DAE64}.Release|Any CPU.Build.0 = Release|Any CPU
		{D4257299-BC78-FC1E-8011-B78C39501CE6}.Debug|Any CPU.ActiveCfg = Debug|Any CPU
		{D4257299-BC78-FC1E-8011-B78C39501CE6}.Debug|Any CPU.Build.0 = Debug|Any CPU
		{D4257299-BC78-FC1E-8011-B78C39501CE6}.Release|Any CPU.ActiveCfg = Release|Any CPU
		{D4257299-BC78-FC1E-8011-B78C39501CE6}.Release|Any CPU.Build.0 = Release|Any CPU
		{DF7409E8-CE13-3A12-FFF8-3294BB513908}.Debug|Any CPU.ActiveCfg = Debug|Any CPU
		{DF7409E8-CE13-3A12-FFF8-3294BB513908}.Debug|Any CPU.Build.0 = Debug|Any CPU
		{DF7409E8-CE13-3A12-FFF8-3294BB513908}.Release|Any CPU.ActiveCfg = Release|Any CPU
		{DF7409E8-CE13-3A12-FFF8-3294BB513908}.Release|Any CPU.Build.0 = Release|Any CPU
		{6EAF680A-E9B9-8C4B-9BFA-68627FC3051E}.Debug|Any CPU.ActiveCfg = Debug|Any CPU
		{6EAF680A-E9B9-8C4B-9BFA-68627FC3051E}.Debug|Any CPU.Build.0 = Debug|Any CPU
		{6EAF680A-E9B9-8C4B-9BFA-68627FC3051E}.Release|Any CPU.ActiveCfg = Release|Any CPU
		{6EAF680A-E9B9-8C4B-9BFA-68627FC3051E}.Release|Any CPU.Build.0 = Release|Any CPU
		{B7061ED6-6D6F-DE09-4AC8-F64D13584BC8}.Debug|Any CPU.ActiveCfg = Debug|Any CPU
		{B7061ED6-6D6F-DE09-4AC8-F64D13584BC8}.Debug|Any CPU.Build.0 = Debug|Any CPU
		{B7061ED6-6D6F-DE09-4AC8-F64D13584BC8}.Release|Any CPU.ActiveCfg = Release|Any CPU
		{B7061ED6-6D6F-DE09-4AC8-F64D13584BC8}.Release|Any CPU.Build.0 = Release|Any CPU
		{92770DA8-AC74-F3AB-FC5A-8ED64D0E0707}.Debug|Any CPU.ActiveCfg = Debug|Any CPU
		{92770DA8-AC74-F3AB-FC5A-8ED64D0E0707}.Debug|Any CPU.Build.0 = Debug|Any CPU
		{92770DA8-AC74-F3AB-FC5A-8ED64D0E0707}.Release|Any CPU.ActiveCfg = Release|Any CPU
		{92770DA8-AC74-F3AB-FC5A-8ED64D0E0707}.Release|Any CPU.Build.0 = Release|Any CPU
		{4DFF8D48-EC1F-9845-B14C-EF9ABD601A0F}.Debug|Any CPU.ActiveCfg = Debug|Any CPU
		{4DFF8D48-EC1F-9845-B14C-EF9ABD601A0F}.Debug|Any CPU.Build.0 = Debug|Any CPU
		{4DFF8D48-EC1F-9845-B14C-EF9ABD601A0F}.Release|Any CPU.ActiveCfg = Release|Any CPU
		{4DFF8D48-EC1F-9845-B14C-EF9ABD601A0F}.Release|Any CPU.Build.0 = Release|Any CPU
		{19EA6E8D-2DC5-A234-A51F-F93E609CC502}.Debug|Any CPU.ActiveCfg = Debug|Any CPU
		{19EA6E8D-2DC5-A234-A51F-F93E609CC502}.Debug|Any CPU.Build.0 = Debug|Any CPU
		{19EA6E8D-2DC5-A234-A51F-F93E609CC502}.Release|Any CPU.ActiveCfg = Release|Any CPU
		{19EA6E8D-2DC5-A234-A51F-F93E609CC502}.Release|Any CPU.Build.0 = Release|Any CPU
		{99D492BD-9070-D161-7AB7-00B5CCBA2E16}.Debug|Any CPU.ActiveCfg = Debug|Any CPU
		{99D492BD-9070-D161-7AB7-00B5CCBA2E16}.Debug|Any CPU.Build.0 = Debug|Any CPU
		{99D492BD-9070-D161-7AB7-00B5CCBA2E16}.Release|Any CPU.ActiveCfg = Release|Any CPU
		{99D492BD-9070-D161-7AB7-00B5CCBA2E16}.Release|Any CPU.Build.0 = Release|Any CPU
		{11AC6FCF-5CD8-4A81-F699-07ABDED6665D}.Debug|Any CPU.ActiveCfg = Debug|Any CPU
		{11AC6FCF-5CD8-4A81-F699-07ABDED6665D}.Debug|Any CPU.Build.0 = Debug|Any CPU
		{11AC6FCF-5CD8-4A81-F699-07ABDED6665D}.Release|Any CPU.ActiveCfg = Release|Any CPU
		{11AC6FCF-5CD8-4A81-F699-07ABDED6665D}.Release|Any CPU.Build.0 = Release|Any CPU
		{28EFF92B-EB8D-413B-B396-618418525AA3}.Debug|Any CPU.ActiveCfg = Debug|Any CPU
		{28EFF92B-EB8D-413B-B396-618418525AA3}.Debug|Any CPU.Build.0 = Debug|Any CPU
		{28EFF92B-EB8D-413B-B396-618418525AA3}.Release|Any CPU.ActiveCfg = Release|Any CPU
		{28EFF92B-EB8D-413B-B396-618418525AA3}.Release|Any CPU.Build.0 = Release|Any CPU
		{FFB3C7D2-5631-165E-D14B-17E6B971046A}.Debug|Any CPU.ActiveCfg = Debug|Any CPU
		{FFB3C7D2-5631-165E-D14B-17E6B971046A}.Debug|Any CPU.Build.0 = Debug|Any CPU
		{FFB3C7D2-5631-165E-D14B-17E6B971046A}.Release|Any CPU.ActiveCfg = Release|Any CPU
		{FFB3C7D2-5631-165E-D14B-17E6B971046A}.Release|Any CPU.Build.0 = Release|Any CPU
		{F9B799A6-D013-D0A2-BC75-B4093DFA8116}.Debug|Any CPU.ActiveCfg = Debug|Any CPU
		{F9B799A6-D013-D0A2-BC75-B4093DFA8116}.Debug|Any CPU.Build.0 = Debug|Any CPU
		{F9B799A6-D013-D0A2-BC75-B4093DFA8116}.Release|Any CPU.ActiveCfg = Release|Any CPU
		{F9B799A6-D013-D0A2-BC75-B4093DFA8116}.Release|Any CPU.Build.0 = Release|Any CPU
		{621EC937-959D-9BC3-5BBA-792210A5D189}.Debug|Any CPU.ActiveCfg = Debug|Any CPU
		{621EC937-959D-9BC3-5BBA-792210A5D189}.Debug|Any CPU.Build.0 = Debug|Any CPU
		{621EC937-959D-9BC3-5BBA-792210A5D189}.Release|Any CPU.ActiveCfg = Release|Any CPU
		{621EC937-959D-9BC3-5BBA-792210A5D189}.Release|Any CPU.Build.0 = Release|Any CPU
		{2CDD4456-AADD-6F8C-4CD5-AB13B02316B4}.Debug|Any CPU.ActiveCfg = Debug|Any CPU
		{2CDD4456-AADD-6F8C-4CD5-AB13B02316B4}.Debug|Any CPU.Build.0 = Debug|Any CPU
		{2CDD4456-AADD-6F8C-4CD5-AB13B02316B4}.Release|Any CPU.ActiveCfg = Release|Any CPU
		{2CDD4456-AADD-6F8C-4CD5-AB13B02316B4}.Release|Any CPU.Build.0 = Release|Any CPU
		{20FEACAE-334B-85A0-6791-758CDC7A0B66}.Debug|Any CPU.ActiveCfg = Debug|Any CPU
		{20FEACAE-334B-85A0-6791-758CDC7A0B66}.Debug|Any CPU.Build.0 = Debug|Any CPU
		{20FEACAE-334B-85A0-6791-758CDC7A0B66}.Release|Any CPU.ActiveCfg = Release|Any CPU
		{20FEACAE-334B-85A0-6791-758CDC7A0B66}.Release|Any CPU.Build.0 = Release|Any CPU
		{CC093B2D-3BD0-AD37-646C-7F783D075C39}.Debug|Any CPU.ActiveCfg = Debug|Any CPU
		{CC093B2D-3BD0-AD37-646C-7F783D075C39}.Debug|Any CPU.Build.0 = Debug|Any CPU
		{CC093B2D-3BD0-AD37-646C-7F783D075C39}.Release|Any CPU.ActiveCfg = Release|Any CPU
		{CC093B2D-3BD0-AD37-646C-7F783D075C39}.Release|Any CPU.Build.0 = Release|Any CPU
		{E84702DE-70F3-56B1-5109-309A6EDB583E}.Debug|Any CPU.ActiveCfg = Debug|Any CPU
		{E84702DE-70F3-56B1-5109-309A6EDB583E}.Debug|Any CPU.Build.0 = Debug|Any CPU
		{E84702DE-70F3-56B1-5109-309A6EDB583E}.Release|Any CPU.ActiveCfg = Release|Any CPU
		{E84702DE-70F3-56B1-5109-309A6EDB583E}.Release|Any CPU.Build.0 = Release|Any CPU
		{E056BD17-1107-F625-1A6A-8C123C91691C}.Debug|Any CPU.ActiveCfg = Debug|Any CPU
		{E056BD17-1107-F625-1A6A-8C123C91691C}.Debug|Any CPU.Build.0 = Debug|Any CPU
		{E056BD17-1107-F625-1A6A-8C123C91691C}.Release|Any CPU.ActiveCfg = Release|Any CPU
		{E056BD17-1107-F625-1A6A-8C123C91691C}.Release|Any CPU.Build.0 = Release|Any CPU
		{E9AD2699-71ED-D9D6-C5E1-112339E9D1A7}.Debug|Any CPU.ActiveCfg = Debug|Any CPU
		{E9AD2699-71ED-D9D6-C5E1-112339E9D1A7}.Debug|Any CPU.Build.0 = Debug|Any CPU
		{E9AD2699-71ED-D9D6-C5E1-112339E9D1A7}.Release|Any CPU.ActiveCfg = Release|Any CPU
		{E9AD2699-71ED-D9D6-C5E1-112339E9D1A7}.Release|Any CPU.Build.0 = Release|Any CPU
		{8FAF0800-F97A-80F9-E920-AB89C70AA959}.Debug|Any CPU.ActiveCfg = Debug|Any CPU
		{8FAF0800-F97A-80F9-E920-AB89C70AA959}.Debug|Any CPU.Build.0 = Debug|Any CPU
		{8FAF0800-F97A-80F9-E920-AB89C70AA959}.Release|Any CPU.ActiveCfg = Release|Any CPU
		{8FAF0800-F97A-80F9-E920-AB89C70AA959}.Release|Any CPU.Build.0 = Release|Any CPU
		{ACF70C98-BA2E-969C-7542-B0892F39A32C}.Debug|Any CPU.ActiveCfg = Debug|Any CPU
		{ACF70C98-BA2E-969C-7542-B0892F39A32C}.Debug|Any CPU.Build.0 = Debug|Any CPU
		{ACF70C98-BA2E-969C-7542-B0892F39A32C}.Release|Any CPU.ActiveCfg = Release|Any CPU
		{ACF70C98-BA2E-969C-7542-B0892F39A32C}.Release|Any CPU.Build.0 = Release|Any CPU
		{D5B7E32D-17BA-462E-8840-6E7CFAA0A195}.Debug|Any CPU.ActiveCfg = Debug|Any CPU
		{D5B7E32D-17BA-462E-8840-6E7CFAA0A195}.Debug|Any CPU.Build.0 = Debug|Any CPU
		{D5B7E32D-17BA-462E-8840-6E7CFAA0A195}.Release|Any CPU.ActiveCfg = Release|Any CPU
		{D5B7E32D-17BA-462E-8840-6E7CFAA0A195}.Release|Any CPU.Build.0 = Release|Any CPU
		{7FC7B477-C572-F16A-F431-95A1B860F362}.Debug|Any CPU.ActiveCfg = Debug|Any CPU
		{7FC7B477-C572-F16A-F431-95A1B860F362}.Debug|Any CPU.Build.0 = Debug|Any CPU
		{7FC7B477-C572-F16A-F431-95A1B860F362}.Release|Any CPU.ActiveCfg = Release|Any CPU
		{7FC7B477-C572-F16A-F431-95A1B860F362}.Release|Any CPU.Build.0 = Release|Any CPU
		{AA5E8C05-1D20-A855-65D2-6DFA7B7FF64D}.Debug|Any CPU.ActiveCfg = Debug|Any CPU
		{AA5E8C05-1D20-A855-65D2-6DFA7B7FF64D}.Debug|Any CPU.Build.0 = Debug|Any CPU
		{AA5E8C05-1D20-A855-65D2-6DFA7B7FF64D}.Release|Any CPU.ActiveCfg = Release|Any CPU
		{AA5E8C05-1D20-A855-65D2-6DFA7B7FF64D}.Release|Any CPU.Build.0 = Release|Any CPU
		{E86B3DD4-5130-8EE7-8859-52FECFB06A10}.Debug|Any CPU.ActiveCfg = Debug|Any CPU
		{E86B3DD4-5130-8EE7-8859-52FECFB06A10}.Debug|Any CPU.Build.0 = Debug|Any CPU
		{E86B3DD4-5130-8EE7-8859-52FECFB06A10}.Release|Any CPU.ActiveCfg = Release|Any CPU
		{E86B3DD4-5130-8EE7-8859-52FECFB06A10}.Release|Any CPU.Build.0 = Release|Any CPU
		{BEB3C8C1-8C3A-24CA-EA72-1D437B66C5D0}.Debug|Any CPU.ActiveCfg = Debug|Any CPU
		{BEB3C8C1-8C3A-24CA-EA72-1D437B66C5D0}.Debug|Any CPU.Build.0 = Debug|Any CPU
		{BEB3C8C1-8C3A-24CA-EA72-1D437B66C5D0}.Release|Any CPU.ActiveCfg = Release|Any CPU
		{BEB3C8C1-8C3A-24CA-EA72-1D437B66C5D0}.Release|Any CPU.Build.0 = Release|Any CPU
		{39DB3C55-8608-DE89-E6FE-727BFF912776}.Debug|Any CPU.ActiveCfg = Debug|Any CPU
		{39DB3C55-8608-DE89-E6FE-727BFF912776}.Debug|Any CPU.Build.0 = Debug|Any CPU
		{39DB3C55-8608-DE89-E6FE-727BFF912776}.Release|Any CPU.ActiveCfg = Release|Any CPU
		{39DB3C55-8608-DE89-E6FE-727BFF912776}.Release|Any CPU.Build.0 = Release|Any CPU
		{E5C661A9-F1F6-3020-1BC1-301357FEEB04}.Debug|Any CPU.ActiveCfg = Debug|Any CPU
		{E5C661A9-F1F6-3020-1BC1-301357FEEB04}.Debug|Any CPU.Build.0 = Debug|Any CPU
		{E5C661A9-F1F6-3020-1BC1-301357FEEB04}.Release|Any CPU.ActiveCfg = Release|Any CPU
		{E5C661A9-F1F6-3020-1BC1-301357FEEB04}.Release|Any CPU.Build.0 = Release|Any CPU
		{458A1D5D-0E5B-8FF6-11EB-C5199BF50BDE}.Debug|Any CPU.ActiveCfg = Debug|Any CPU
		{458A1D5D-0E5B-8FF6-11EB-C5199BF50BDE}.Debug|Any CPU.Build.0 = Debug|Any CPU
		{458A1D5D-0E5B-8FF6-11EB-C5199BF50BDE}.Release|Any CPU.ActiveCfg = Release|Any CPU
		{458A1D5D-0E5B-8FF6-11EB-C5199BF50BDE}.Release|Any CPU.Build.0 = Release|Any CPU
		{E7174125-9265-9A81-ACD5-07C89E0FD919}.Debug|Any CPU.ActiveCfg = Debug|Any CPU
		{E7174125-9265-9A81-ACD5-07C89E0FD919}.Debug|Any CPU.Build.0 = Debug|Any CPU
		{E7174125-9265-9A81-ACD5-07C89E0FD919}.Release|Any CPU.ActiveCfg = Release|Any CPU
		{E7174125-9265-9A81-ACD5-07C89E0FD919}.Release|Any CPU.Build.0 = Release|Any CPU
		{912CDD25-5C7A-A23F-0C6C-B80A008440BC}.Debug|Any CPU.ActiveCfg = Debug|Any CPU
		{912CDD25-5C7A-A23F-0C6C-B80A008440BC}.Debug|Any CPU.Build.0 = Debug|Any CPU
		{912CDD25-5C7A-A23F-0C6C-B80A008440BC}.Release|Any CPU.ActiveCfg = Release|Any CPU
		{912CDD25-5C7A-A23F-0C6C-B80A008440BC}.Release|Any CPU.Build.0 = Release|Any CPU
		{73CDEFD6-A92C-52FF-0CC2-02C5BC640310}.Debug|Any CPU.ActiveCfg = Debug|Any CPU
		{73CDEFD6-A92C-52FF-0CC2-02C5BC640310}.Debug|Any CPU.Build.0 = Debug|Any CPU
		{73CDEFD6-A92C-52FF-0CC2-02C5BC640310}.Release|Any CPU.ActiveCfg = Release|Any CPU
		{73CDEFD6-A92C-52FF-0CC2-02C5BC640310}.Release|Any CPU.Build.0 = Release|Any CPU
		{D373A888-22B9-3D67-5027-B5CDABF3903A}.Debug|Any CPU.ActiveCfg = Debug|Any CPU
		{D373A888-22B9-3D67-5027-B5CDABF3903A}.Debug|Any CPU.Build.0 = Debug|Any CPU
		{D373A888-22B9-3D67-5027-B5CDABF3903A}.Release|Any CPU.ActiveCfg = Release|Any CPU
		{D373A888-22B9-3D67-5027-B5CDABF3903A}.Release|Any CPU.Build.0 = Release|Any CPU
		{77449D45-3E44-5760-B186-68FF5C9B92C6}.Debug|Any CPU.ActiveCfg = Debug|Any CPU
		{77449D45-3E44-5760-B186-68FF5C9B92C6}.Debug|Any CPU.Build.0 = Debug|Any CPU
		{77449D45-3E44-5760-B186-68FF5C9B92C6}.Release|Any CPU.ActiveCfg = Release|Any CPU
		{77449D45-3E44-5760-B186-68FF5C9B92C6}.Release|Any CPU.Build.0 = Release|Any CPU
		{F77C6A73-155C-C58E-70E0-FFA0B8675CCB}.Debug|Any CPU.ActiveCfg = Debug|Any CPU
		{F77C6A73-155C-C58E-70E0-FFA0B8675CCB}.Debug|Any CPU.Build.0 = Debug|Any CPU
		{F77C6A73-155C-C58E-70E0-FFA0B8675CCB}.Release|Any CPU.ActiveCfg = Release|Any CPU
		{F77C6A73-155C-C58E-70E0-FFA0B8675CCB}.Release|Any CPU.Build.0 = Release|Any CPU
		{10034CC0-DF61-96BF-4AA3-6FC4EE3E750F}.Debug|Any CPU.ActiveCfg = Debug|Any CPU
		{10034CC0-DF61-96BF-4AA3-6FC4EE3E750F}.Debug|Any CPU.Build.0 = Debug|Any CPU
		{10034CC0-DF61-96BF-4AA3-6FC4EE3E750F}.Release|Any CPU.ActiveCfg = Release|Any CPU
		{10034CC0-DF61-96BF-4AA3-6FC4EE3E750F}.Release|Any CPU.Build.0 = Release|Any CPU
		{7D83362F-B045-E99D-E6AB-E1A4DBEE247E}.Debug|Any CPU.ActiveCfg = Debug|Any CPU
		{7D83362F-B045-E99D-E6AB-E1A4DBEE247E}.Debug|Any CPU.Build.0 = Debug|Any CPU
		{7D83362F-B045-E99D-E6AB-E1A4DBEE247E}.Release|Any CPU.ActiveCfg = Release|Any CPU
		{7D83362F-B045-E99D-E6AB-E1A4DBEE247E}.Release|Any CPU.Build.0 = Release|Any CPU
		{BF203E2E-6EFB-BC8C-1986-04E3E5F8E978}.Debug|Any CPU.ActiveCfg = Debug|Any CPU
		{BF203E2E-6EFB-BC8C-1986-04E3E5F8E978}.Debug|Any CPU.Build.0 = Debug|Any CPU
		{BF203E2E-6EFB-BC8C-1986-04E3E5F8E978}.Release|Any CPU.ActiveCfg = Release|Any CPU
		{BF203E2E-6EFB-BC8C-1986-04E3E5F8E978}.Release|Any CPU.Build.0 = Release|Any CPU
		{4EA9D1FF-1F77-8D66-8909-88C5EF3DB90B}.Debug|Any CPU.ActiveCfg = Debug|Any CPU
		{4EA9D1FF-1F77-8D66-8909-88C5EF3DB90B}.Debug|Any CPU.Build.0 = Debug|Any CPU
		{4EA9D1FF-1F77-8D66-8909-88C5EF3DB90B}.Release|Any CPU.ActiveCfg = Release|Any CPU
		{4EA9D1FF-1F77-8D66-8909-88C5EF3DB90B}.Release|Any CPU.Build.0 = Release|Any CPU
		{758263FC-236B-38A4-3708-F91AFF1F2966}.Debug|Any CPU.ActiveCfg = Debug|Any CPU
		{758263FC-236B-38A4-3708-F91AFF1F2966}.Debug|Any CPU.Build.0 = Debug|Any CPU
		{758263FC-236B-38A4-3708-F91AFF1F2966}.Release|Any CPU.ActiveCfg = Release|Any CPU
		{758263FC-236B-38A4-3708-F91AFF1F2966}.Release|Any CPU.Build.0 = Release|Any CPU
		{6E1902AC-6A0B-7228-E588-F35A1FC419B1}.Debug|Any CPU.ActiveCfg = Debug|Any CPU
		{6E1902AC-6A0B-7228-E588-F35A1FC419B1}.Debug|Any CPU.Build.0 = Debug|Any CPU
		{6E1902AC-6A0B-7228-E588-F35A1FC419B1}.Release|Any CPU.ActiveCfg = Release|Any CPU
		{6E1902AC-6A0B-7228-E588-F35A1FC419B1}.Release|Any CPU.Build.0 = Release|Any CPU
		{8C74C045-8252-6F20-BAA7-70A7F10D5A01}.Debug|Any CPU.ActiveCfg = Debug|Any CPU
		{8C74C045-8252-6F20-BAA7-70A7F10D5A01}.Debug|Any CPU.Build.0 = Debug|Any CPU
		{8C74C045-8252-6F20-BAA7-70A7F10D5A01}.Release|Any CPU.ActiveCfg = Release|Any CPU
		{8C74C045-8252-6F20-BAA7-70A7F10D5A01}.Release|Any CPU.Build.0 = Release|Any CPU
		{DCE92581-90D5-474F-E916-2A1DC7078FC8}.Debug|Any CPU.ActiveCfg = Debug|Any CPU
		{DCE92581-90D5-474F-E916-2A1DC7078FC8}.Debug|Any CPU.Build.0 = Debug|Any CPU
		{DCE92581-90D5-474F-E916-2A1DC7078FC8}.Release|Any CPU.ActiveCfg = Release|Any CPU
		{DCE92581-90D5-474F-E916-2A1DC7078FC8}.Release|Any CPU.Build.0 = Release|Any CPU
		{A69A5553-30F0-745C-4519-2F944202739F}.Debug|Any CPU.ActiveCfg = Debug|Any CPU
		{A69A5553-30F0-745C-4519-2F944202739F}.Debug|Any CPU.Build.0 = Debug|Any CPU
		{A69A5553-30F0-745C-4519-2F944202739F}.Release|Any CPU.ActiveCfg = Release|Any CPU
		{A69A5553-30F0-745C-4519-2F944202739F}.Release|Any CPU.Build.0 = Release|Any CPU
		{98D32DEF-D07A-784F-6863-B339E2FA9E29}.Debug|Any CPU.ActiveCfg = Debug|Any CPU
		{98D32DEF-D07A-784F-6863-B339E2FA9E29}.Debug|Any CPU.Build.0 = Debug|Any CPU
		{98D32DEF-D07A-784F-6863-B339E2FA9E29}.Release|Any CPU.ActiveCfg = Release|Any CPU
		{98D32DEF-D07A-784F-6863-B339E2FA9E29}.Release|Any CPU.Build.0 = Release|Any CPU
		{1A78EFF5-2E22-5D48-6053-4811465ADFF7}.Debug|Any CPU.ActiveCfg = Debug|Any CPU
		{1A78EFF5-2E22-5D48-6053-4811465ADFF7}.Debug|Any CPU.Build.0 = Debug|Any CPU
		{1A78EFF5-2E22-5D48-6053-4811465ADFF7}.Release|Any CPU.ActiveCfg = Release|Any CPU
		{1A78EFF5-2E22-5D48-6053-4811465ADFF7}.Release|Any CPU.Build.0 = Release|Any CPU
		{3C7B2897-2076-B8C1-2E3D-A10D710EA496}.Debug|Any CPU.ActiveCfg = Debug|Any CPU
		{3C7B2897-2076-B8C1-2E3D-A10D710EA496}.Debug|Any CPU.Build.0 = Debug|Any CPU
		{3C7B2897-2076-B8C1-2E3D-A10D710EA496}.Release|Any CPU.ActiveCfg = Release|Any CPU
		{3C7B2897-2076-B8C1-2E3D-A10D710EA496}.Release|Any CPU.Build.0 = Release|Any CPU
		{CB9808BA-B3BF-D525-30BB-1789CCAC85F4}.Debug|Any CPU.ActiveCfg = Debug|Any CPU
		{CB9808BA-B3BF-D525-30BB-1789CCAC85F4}.Debug|Any CPU.Build.0 = Debug|Any CPU
		{CB9808BA-B3BF-D525-30BB-1789CCAC85F4}.Release|Any CPU.ActiveCfg = Release|Any CPU
		{CB9808BA-B3BF-D525-30BB-1789CCAC85F4}.Release|Any CPU.Build.0 = Release|Any CPU
		{E4CBD5CC-55A7-BA13-E10B-9B3164B5486D}.Debug|Any CPU.ActiveCfg = Debug|Any CPU
		{E4CBD5CC-55A7-BA13-E10B-9B3164B5486D}.Debug|Any CPU.Build.0 = Debug|Any CPU
		{E4CBD5CC-55A7-BA13-E10B-9B3164B5486D}.Release|Any CPU.ActiveCfg = Release|Any CPU
		{E4CBD5CC-55A7-BA13-E10B-9B3164B5486D}.Release|Any CPU.Build.0 = Release|Any CPU
		{C4B77B17-45D0-7CED-FBFE-17F068BF93D1}.Debug|Any CPU.ActiveCfg = Debug|Any CPU
		{C4B77B17-45D0-7CED-FBFE-17F068BF93D1}.Debug|Any CPU.Build.0 = Debug|Any CPU
		{C4B77B17-45D0-7CED-FBFE-17F068BF93D1}.Release|Any CPU.ActiveCfg = Release|Any CPU
		{C4B77B17-45D0-7CED-FBFE-17F068BF93D1}.Release|Any CPU.Build.0 = Release|Any CPU
		{2FABE8AC-CE79-330C-76D3-7648933860E2}.Debug|Any CPU.ActiveCfg = Debug|Any CPU
		{2FABE8AC-CE79-330C-76D3-7648933860E2}.Debug|Any CPU.Build.0 = Debug|Any CPU
		{2FABE8AC-CE79-330C-76D3-7648933860E2}.Release|Any CPU.ActiveCfg = Release|Any CPU
		{2FABE8AC-CE79-330C-76D3-7648933860E2}.Release|Any CPU.Build.0 = Release|Any CPU
		{3FEAA436-BADD-A316-28DA-C6E0B6C332F6}.Debug|Any CPU.ActiveCfg = Debug|Any CPU
		{3FEAA436-BADD-A316-28DA-C6E0B6C332F6}.Debug|Any CPU.Build.0 = Debug|Any CPU
		{3FEAA436-BADD-A316-28DA-C6E0B6C332F6}.Release|Any CPU.ActiveCfg = Release|Any CPU
		{3FEAA436-BADD-A316-28DA-C6E0B6C332F6}.Release|Any CPU.Build.0 = Release|Any CPU
		{EC49AF7A-AC2B-C95D-CCCC-73D10CE67E8C}.Debug|Any CPU.ActiveCfg = Debug|Any CPU
		{EC49AF7A-AC2B-C95D-CCCC-73D10CE67E8C}.Debug|Any CPU.Build.0 = Debug|Any CPU
		{EC49AF7A-AC2B-C95D-CCCC-73D10CE67E8C}.Release|Any CPU.ActiveCfg = Release|Any CPU
		{EC49AF7A-AC2B-C95D-CCCC-73D10CE67E8C}.Release|Any CPU.Build.0 = Release|Any CPU
		{972D285D-D15B-3EBB-4056-7CC3814B41DB}.Debug|Any CPU.ActiveCfg = Debug|Any CPU
		{972D285D-D15B-3EBB-4056-7CC3814B41DB}.Debug|Any CPU.Build.0 = Debug|Any CPU
		{972D285D-D15B-3EBB-4056-7CC3814B41DB}.Release|Any CPU.ActiveCfg = Release|Any CPU
		{972D285D-D15B-3EBB-4056-7CC3814B41DB}.Release|Any CPU.Build.0 = Release|Any CPU
		{75ADE7DF-1896-D593-2791-B622546B6B2D}.Debug|Any CPU.ActiveCfg = Debug|Any CPU
		{75ADE7DF-1896-D593-2791-B622546B6B2D}.Debug|Any CPU.Build.0 = Debug|Any CPU
		{75ADE7DF-1896-D593-2791-B622546B6B2D}.Release|Any CPU.ActiveCfg = Release|Any CPU
		{75ADE7DF-1896-D593-2791-B622546B6B2D}.Release|Any CPU.Build.0 = Release|Any CPU
		{93590051-07CD-75D3-899E-F31656FBA0D2}.Debug|Any CPU.ActiveCfg = Debug|Any CPU
		{93590051-07CD-75D3-899E-F31656FBA0D2}.Debug|Any CPU.Build.0 = Debug|Any CPU
		{93590051-07CD-75D3-899E-F31656FBA0D2}.Release|Any CPU.ActiveCfg = Release|Any CPU
		{93590051-07CD-75D3-899E-F31656FBA0D2}.Release|Any CPU.Build.0 = Release|Any CPU
		{B73EF304-2673-CC23-6FE7-4BD1AFAEFB9A}.Debug|Any CPU.ActiveCfg = Debug|Any CPU
		{B73EF304-2673-CC23-6FE7-4BD1AFAEFB9A}.Debug|Any CPU.Build.0 = Debug|Any CPU
		{B73EF304-2673-CC23-6FE7-4BD1AFAEFB9A}.Release|Any CPU.ActiveCfg = Release|Any CPU
		{B73EF304-2673-CC23-6FE7-4BD1AFAEFB9A}.Release|Any CPU.Build.0 = Release|Any CPU
		{6936FD6D-D63C-0064-78FD-295B4098BD06}.Debug|Any CPU.ActiveCfg = Debug|Any CPU
		{6936FD6D-D63C-0064-78FD-295B4098BD06}.Debug|Any CPU.Build.0 = Debug|Any CPU
		{6936FD6D-D63C-0064-78FD-295B4098BD06}.Release|Any CPU.ActiveCfg = Release|Any CPU
		{6936FD6D-D63C-0064-78FD-295B4098BD06}.Release|Any CPU.Build.0 = Release|Any CPU
		{F2898297-A56C-DCDA-CE7E-044A69D6A4D9}.Debug|Any CPU.ActiveCfg = Debug|Any CPU
		{F2898297-A56C-DCDA-CE7E-044A69D6A4D9}.Debug|Any CPU.Build.0 = Debug|Any CPU
		{F2898297-A56C-DCDA-CE7E-044A69D6A4D9}.Release|Any CPU.ActiveCfg = Release|Any CPU
		{F2898297-A56C-DCDA-CE7E-044A69D6A4D9}.Release|Any CPU.Build.0 = Release|Any CPU
		{8DA23B9D-087F-5E15-A952-2C26F40ABA55}.Debug|Any CPU.ActiveCfg = Debug|Any CPU
		{8DA23B9D-087F-5E15-A952-2C26F40ABA55}.Debug|Any CPU.Build.0 = Debug|Any CPU
		{8DA23B9D-087F-5E15-A952-2C26F40ABA55}.Release|Any CPU.ActiveCfg = Release|Any CPU
		{8DA23B9D-087F-5E15-A952-2C26F40ABA55}.Release|Any CPU.Build.0 = Release|Any CPU
		{3F4EBCFD-1FC1-A337-A820-A8A03A17A68E}.Debug|Any CPU.ActiveCfg = Debug|Any CPU
		{3F4EBCFD-1FC1-A337-A820-A8A03A17A68E}.Debug|Any CPU.Build.0 = Debug|Any CPU
		{3F4EBCFD-1FC1-A337-A820-A8A03A17A68E}.Release|Any CPU.ActiveCfg = Release|Any CPU
		{3F4EBCFD-1FC1-A337-A820-A8A03A17A68E}.Release|Any CPU.Build.0 = Release|Any CPU
		{D2E1F490-3186-4D72-F0AF-DE019BC8C3C5}.Debug|Any CPU.ActiveCfg = Debug|Any CPU
		{D2E1F490-3186-4D72-F0AF-DE019BC8C3C5}.Debug|Any CPU.Build.0 = Debug|Any CPU
		{D2E1F490-3186-4D72-F0AF-DE019BC8C3C5}.Release|Any CPU.ActiveCfg = Release|Any CPU
		{D2E1F490-3186-4D72-F0AF-DE019BC8C3C5}.Release|Any CPU.Build.0 = Release|Any CPU
		{49F096A0-7C48-9C96-4F92-3F4470C77C0B}.Debug|Any CPU.ActiveCfg = Debug|Any CPU
		{49F096A0-7C48-9C96-4F92-3F4470C77C0B}.Debug|Any CPU.Build.0 = Debug|Any CPU
		{49F096A0-7C48-9C96-4F92-3F4470C77C0B}.Release|Any CPU.ActiveCfg = Release|Any CPU
		{49F096A0-7C48-9C96-4F92-3F4470C77C0B}.Release|Any CPU.Build.0 = Release|Any CPU
		{EE3F8453-454F-8B73-541F-E185B2B0E43A}.Debug|Any CPU.ActiveCfg = Debug|Any CPU
		{EE3F8453-454F-8B73-541F-E185B2B0E43A}.Debug|Any CPU.Build.0 = Debug|Any CPU
		{EE3F8453-454F-8B73-541F-E185B2B0E43A}.Release|Any CPU.ActiveCfg = Release|Any CPU
		{EE3F8453-454F-8B73-541F-E185B2B0E43A}.Release|Any CPU.Build.0 = Release|Any CPU
		{7D1A26AF-3715-10E5-C879-02190E0DD40D}.Debug|Any CPU.ActiveCfg = Debug|Any CPU
		{7D1A26AF-3715-10E5-C879-02190E0DD40D}.Debug|Any CPU.Build.0 = Debug|Any CPU
		{7D1A26AF-3715-10E5-C879-02190E0DD40D}.Release|Any CPU.ActiveCfg = Release|Any CPU
		{7D1A26AF-3715-10E5-C879-02190E0DD40D}.Release|Any CPU.Build.0 = Release|Any CPU
		{8D91525A-0660-702E-C6EA-64186B178CB5}.Debug|Any CPU.ActiveCfg = Debug|Any CPU
		{8D91525A-0660-702E-C6EA-64186B178CB5}.Debug|Any CPU.Build.0 = Debug|Any CPU
		{8D91525A-0660-702E-C6EA-64186B178CB5}.Release|Any CPU.ActiveCfg = Release|Any CPU
		{8D91525A-0660-702E-C6EA-64186B178CB5}.Release|Any CPU.Build.0 = Release|Any CPU
		{23B0DED1-27F6-0D32-DB0F-C52C600A96E1}.Debug|Any CPU.ActiveCfg = Debug|Any CPU
		{23B0DED1-27F6-0D32-DB0F-C52C600A96E1}.Debug|Any CPU.Build.0 = Debug|Any CPU
		{23B0DED1-27F6-0D32-DB0F-C52C600A96E1}.Release|Any CPU.ActiveCfg = Release|Any CPU
		{23B0DED1-27F6-0D32-DB0F-C52C600A96E1}.Release|Any CPU.Build.0 = Release|Any CPU
		{4BA393C2-8A6C-9A7B-4385-506C0994D592}.Debug|Any CPU.ActiveCfg = Debug|Any CPU
		{4BA393C2-8A6C-9A7B-4385-506C0994D592}.Debug|Any CPU.Build.0 = Debug|Any CPU
		{4BA393C2-8A6C-9A7B-4385-506C0994D592}.Release|Any CPU.ActiveCfg = Release|Any CPU
		{4BA393C2-8A6C-9A7B-4385-506C0994D592}.Release|Any CPU.Build.0 = Release|Any CPU
		{EB1EF187-9F49-5079-3A5B-DD9EF872AF71}.Debug|Any CPU.ActiveCfg = Debug|Any CPU
		{EB1EF187-9F49-5079-3A5B-DD9EF872AF71}.Debug|Any CPU.Build.0 = Debug|Any CPU
		{EB1EF187-9F49-5079-3A5B-DD9EF872AF71}.Release|Any CPU.ActiveCfg = Release|Any CPU
		{EB1EF187-9F49-5079-3A5B-DD9EF872AF71}.Release|Any CPU.Build.0 = Release|Any CPU
		{840FB4CE-743F-B81A-29D6-D8775CF5C2B3}.Debug|Any CPU.ActiveCfg = Debug|Any CPU
		{840FB4CE-743F-B81A-29D6-D8775CF5C2B3}.Debug|Any CPU.Build.0 = Debug|Any CPU
		{840FB4CE-743F-B81A-29D6-D8775CF5C2B3}.Release|Any CPU.ActiveCfg = Release|Any CPU
		{840FB4CE-743F-B81A-29D6-D8775CF5C2B3}.Release|Any CPU.Build.0 = Release|Any CPU
		{B66CBC7D-59B1-74E1-C70A-E702D084D5B0}.Debug|Any CPU.ActiveCfg = Debug|Any CPU
		{B66CBC7D-59B1-74E1-C70A-E702D084D5B0}.Debug|Any CPU.Build.0 = Debug|Any CPU
		{B66CBC7D-59B1-74E1-C70A-E702D084D5B0}.Release|Any CPU.ActiveCfg = Release|Any CPU
		{B66CBC7D-59B1-74E1-C70A-E702D084D5B0}.Release|Any CPU.Build.0 = Release|Any CPU
	EndGlobalSection
	GlobalSection(SolutionProperties) = preSolution
		HideSolutionNode = FALSE
	EndGlobalSection
EndGlobal
